{
  "name": "@pdfree/pdf2read-server",
  "version": "0.1.0",
  "lockfileVersion": 3,
  "requires": true,
  "packages": {
    "": {
      "name": "@pdfree/pdf2read-server",
      "version": "0.1.0",
      "license": "AGPL-3.0-only",
      "dependencies": {
        "@pdfree/pdf2read-core": "file:../pdf2read-core"
      },
      "engines": {
        "node": ">=18"
      }
    },
    "../pdf2read-core": {
      "name": "@pdfree/pdf2read-core",
      "version": "0.1.0",
      "license": "AGPL-3.0-only",
      "dependencies": {
        "pdfjs-dist": "5.0.375"
      },
      "bin": {
        "pdf2read-core": "bin/pdf2read.js"
      },
      "engines": {
        "node": ">=20"
      }
    },
    "node_modules/@pdfree/pdf2read-core": {
      "resolved": "../pdf2read-core",
      "link": true
    }
  }
}
